
Microsoft Visual Studio Solution File, Format Version 12.00
# Visual Studio Version 16
VisualStudioVersion = 16.0.30413.136
MinimumVisualStudioVersion = 10.0.40219.1
Project("{FAE04EC0-301F-11D3-BF4B-00C04F79EFBC}") = "BlockBuster Lab", "BlockBuster Lab\BlockBuster Lab.csproj", "{94F96D34-9C97-4881-97DD-2E305D772643}"
EndProject
Global
	GlobalSection(SolutionConfigurationPlatforms) = preSolution
		Debug|Any CPU = Debug|Any CPU
		Release|Any CPU = Release|Any CPU
	EndGlobalSection
	GlobalSection(ProjectConfigurationPlatforms) = postSolution
		{94F96D34-9C97-4881-97DD-2E305D772643}.Debug|Any CPU.ActiveCfg = Debug|Any CPU
		{94F96D34-9C97-4881-97DD-2E305D772643}.Debug|Any CPU.Build.0 = Debug|Any CPU
		{94F96D34-9C97-4881-97DD-2E305D772643}.Release|Any CPU.ActiveCfg = Release|Any CPU
		{94F96D34-9C97-4881-97DD-2E305D772643}.Release|Any CPU.Build.0 = Release|Any CPU
	EndGlobalSection
	GlobalSection(SolutionProperties) = preSolution
		HideSolutionNode = FALSE
	EndGlobalSection
	GlobalSection(ExtensibilityGlobals) = postSolution
		SolutionGuid = {170DE315-894C-49EE-9C42-39C8C03A33B4}
	EndGlobalSection
EndGlobal
